
Microsoft Visual Studio Solution File, Format Version 12.00
# Visual Studio 14
VisualStudioVersion = 14.0.22823.1
MinimumVisualStudioVersion = 10.0.40219.1
Project("{8BC9CEB8-8B4A-11D0-8D11-00A0C91BC942}") = "curve25519-windows", "curve25519-windows\curve25519-windows.vcxproj", "{AF95F99E-B4BE-4FAB-B2D6-2B57870CE3DA}"
EndProject
Project("{FAE04EC0-301F-11D3-BF4B-00C04F79EFBC}") = "curve25519-test", "curve25519-test\curve25519-test.csproj", "{125B0049-EC1F-4B31-83B6-BB341AC9B75A}"
EndProject
Project("{FAE04EC0-301F-11D3-BF4B-00C04F79EFBC}") = "libaxolotl-classlib", "libaxolotl-classlib\libaxolotl-classlib.csproj", "{85B86F59-2FB8-4A42-8249-D7EF9964BAD5}"
EndProject
Global
	GlobalSection(SolutionConfigurationPlatforms) = preSolution
		Debug|Any CPU = Debug|Any CPU
		Debug|ARM = Debug|ARM
		Debug|x64 = Debug|x64
		Debug|x86 = Debug|x86
		Release|Any CPU = Release|Any CPU
		Release|ARM = Release|ARM
		Release|x64 = Release|x64
		Release|x86 = Release|x86
	EndGlobalSection
	GlobalSection(ProjectConfigurationPlatforms) = postSolution
		{AF95F99E-B4BE-4FAB-B2D6-2B57870CE3DA}.Debug|Any CPU.ActiveCfg = Debug|Win32
		{AF95F99E-B4BE-4FAB-B2D6-2B57870CE3DA}.Debug|ARM.ActiveCfg = Debug|ARM
		{AF95F99E-B4BE-4FAB-B2D6-2B57870CE3DA}.Debug|ARM.Build.0 = Debug|ARM
		{AF95F99E-B4BE-4FAB-B2D6-2B57870CE3DA}.Debug|x64.ActiveCfg = Debug|x64
		{AF95F99E-B4BE-4FAB-B2D6-2B57870CE3DA}.Debug|x64.Build.0 = Debug|x64
		{AF95F99E-B4BE-4FAB-B2D6-2B57870CE3DA}.Debug|x86.ActiveCfg = Debug|Win32
		{AF95F99E-B4BE-4FAB-B2D6-2B57870CE3DA}.Debug|x86.Build.0 = Debug|Win32
		{AF95F99E-B4BE-4FAB-B2D6-2B57870CE3DA}.Release|Any CPU.ActiveCfg = Release|Win32
		{AF95F99E-B4BE-4FAB-B2D6-2B57870CE3DA}.Release|ARM.ActiveCfg = Release|ARM
		{AF95F99E-B4BE-4FAB-B2D6-2B57870CE3DA}.Release|ARM.Build.0 = Release|ARM
		{AF95F99E-B4BE-4FAB-B2D6-2B57870CE3DA}.Release|x64.ActiveCfg = Release|x64
		{AF95F99E-B4BE-4FAB-B2D6-2B57870CE3DA}.Release|x64.Build.0 = Release|x64
		{AF95F99E-B4BE-4FAB-B2D6-2B57870CE3DA}.Release|x86.ActiveCfg = Release|Win32
		{AF95F99E-B4BE-4FAB-B2D6-2B57870CE3DA}.Release|x86.Build.0 = Release|Win32
		{125B0049-EC1F-4B31-83B6-BB341AC9B75A}.Debug|Any CPU.ActiveCfg = Debug|Any CPU
		{125B0049-EC1F-4B31-83B6-BB341AC9B75A}.Debug|Any CPU.Build.0 = Debug|Any CPU
		{125B0049-EC1F-4B31-83B6-BB341AC9B75A}.Debug|Any CPU.Deploy.0 = Debug|Any CPU
		{125B0049-EC1F-4B31-83B6-BB341AC9B75A}.Debug|ARM.ActiveCfg = Debug|ARM
		{125B0049-EC1F-4B31-83B6-BB341AC9B75A}.Debug|ARM.Build.0 = Debug|ARM
		{125B0049-EC1F-4B31-83B6-BB341AC9B75A}.Debug|ARM.Deploy.0 = Debug|ARM
		{125B0049-EC1F-4B31-83B6-BB341AC9B75A}.Debug|x64.ActiveCfg = Debug|x64
		{125B0049-EC1F-4B31-83B6-BB341AC9B75A}.Debug|x64.Build.0 = Debug|x64
		{125B0049-EC1F-4B31-83B6-BB341AC9B75A}.Debug|x64.Deploy.0 = Debug|x64
		{125B0049-EC1F-4B31-83B6-BB341AC9B75A}.Debug|x86.ActiveCfg = Debug|x86
		{125B0049-EC1F-4B31-83B6-BB341AC9B75A}.Debug|x86.Build.0 = Debug|x86
		{125B0049-EC1F-4B31-83B6-BB341AC9B75A}.Debug|x86.Deploy.0 = Debug|x86
		{125B0049-EC1F-4B31-83B6-BB341AC9B75A}.Release|Any CPU.ActiveCfg = Release|Any CPU
		{125B0049-EC1F-4B31-83B6-BB341AC9B75A}.Release|Any CPU.Build.0 = Release|Any CPU
		{125B0049-EC1F-4B31-83B6-BB341AC9B75A}.Release|Any CPU.Deploy.0 = Release|Any CPU
		{125B0049-EC1F-4B31-83B6-BB341AC9B75A}.Release|ARM.ActiveCfg = Release|ARM
		{125B0049-EC1F-4B31-83B6-BB341AC9B75A}.Release|ARM.Build.0 = Release|ARM
		{125B0049-EC1F-4B31-83B6-BB341AC9B75A}.Release|ARM.Deploy.0 = Release|ARM
		{125B0049-EC1F-4B31-83B6-BB341AC9B75A}.Release|x64.ActiveCfg = Release|x64
		{125B0049-EC1F-4B31-83B6-BB341AC9B75A}.Release|x64.Build.0 = Release|x64
		{125B0049-EC1F-4B31-83B6-BB341AC9B75A}.Release|x64.Deploy.0 = Release|x64
		{125B0049-EC1F-4B31-83B6-BB341AC9B75A}.Release|x86.ActiveCfg = Release|x86
		{125B0049-EC1F-4B31-83B6-BB341AC9B75A}.Release|x86.Build.0 = Release|x86
		{125B0049-EC1F-4B31-83B6-BB341AC9B75A}.Release|x86.Deploy.0 = Release|x86
		{85B86F59-2FB8-4A42-8249-D7EF9964BAD5}.Debug|Any CPU.ActiveCfg = Debug|Any CPU
		{85B86F59-2FB8-4A42-8249-D7EF9964BAD5}.Debug|Any CPU.Build.0 = Debug|Any CPU
		{85B86F59-2FB8-4A42-8249-D7EF9964BAD5}.Debug|ARM.ActiveCfg = Debug|ARM
		{85B86F59-2FB8-4A42-8249-D7EF9964BAD5}.Debug|ARM.Build.0 = Debug|ARM
		{85B86F59-2FB8-4A42-8249-D7EF9964BAD5}.Debug|x64.ActiveCfg = Debug|x64
		{85B86F59-2FB8-4A42-8249-D7EF9964BAD5}.Debug|x64.Build.0 = Debug|x64
		{85B86F59-2FB8-4A42-8249-D7EF9964BAD5}.Debug|x86.ActiveCfg = Debug|x86
		{85B86F59-2FB8-4A42-8249-D7EF9964BAD5}.Debug|x86.Build.0 = Debug|x86
		{85B86F59-2FB8-4A42-8249-D7EF9964BAD5}.Release|Any CPU.ActiveCfg = Release|Any CPU
		{85B86F59-2FB8-4A42-8249-D7EF9964BAD5}.Release|Any CPU.Build.0 = Release|Any CPU
		{85B86F59-2FB8-4A42-8249-D7EF9964BAD5}.Release|ARM.ActiveCfg = Release|ARM
		{85B86F59-2FB8-4A42-8249-D7EF9964BAD5}.Release|ARM.Build.0 = Release|ARM
		{85B86F59-2FB8-4A42-8249-D7EF9964BAD5}.Release|x64.ActiveCfg = Release|x64
		{85B86F59-2FB8-4A42-8249-D7EF9964BAD5}.Release|x64.Build.0 = Release|x64
		{85B86F59-2FB8-4A42-8249-D7EF9964BAD5}.Release|x86.ActiveCfg = Release|x86
		{85B86F59-2FB8-4A42-8249-D7EF9964BAD5}.Release|x86.Build.0 = Release|x86
	EndGlobalSection
	GlobalSection(SolutionProperties) = preSolution
		HideSolutionNode = FALSE
	EndGlobalSection
EndGlobal
