
Microsoft Visual Studio Solution File, Format Version 12.00
# Visual Studio 14
VisualStudioVersion = 14.0.23107.0
MinimumVisualStudioVersion = 10.0.40219.1
Project("{FAE04EC0-301F-11D3-BF4B-00C04F79EFBC}") = "libaxolotl", "libaxolotl\libaxolotl.csproj", "{78EAA4CF-8789-43EE-A216-A50522303C92}"
EndProject
Project("{FAE04EC0-301F-11D3-BF4B-00C04F79EFBC}") = "libaxolotl-test", "libaxolotl-test\libaxolotl-test.csproj", "{753064DB-A48F-4486-9628-CA6528BC6039}"
EndProject
Project("{2150E333-8FDC-42A3-9474-1A3956D46DE8}") = "Solution Items", "Solution Items", "{9E519B6B-7B00-488E-A690-FC9264BB24BB}"
	ProjectSection(SolutionItems) = preProject
		deploy\Build.bat = deploy\Build.bat
		deploy\nuget\libaxolotl-uwp.nuspec = deploy\nuget\libaxolotl-uwp.nuspec
		README.md = README.md
	EndProjectSection
EndProject
Global
	GlobalSection(SolutionConfigurationPlatforms) = preSolution
		Debug|Any CPU = Debug|Any CPU
		Release|Any CPU = Release|Any CPU
	EndGlobalSection
	GlobalSection(ProjectConfigurationPlatforms) = postSolution
		{78EAA4CF-8789-43EE-A216-A50522303C92}.Debug|Any CPU.ActiveCfg = Debug|Any CPU
		{78EAA4CF-8789-43EE-A216-A50522303C92}.Debug|Any CPU.Build.0 = Debug|Any CPU
		{78EAA4CF-8789-43EE-A216-A50522303C92}.Release|Any CPU.ActiveCfg = Release|Any CPU
		{78EAA4CF-8789-43EE-A216-A50522303C92}.Release|Any CPU.Build.0 = Release|Any CPU
		{753064DB-A48F-4486-9628-CA6528BC6039}.Debug|Any CPU.ActiveCfg = Debug|x64
		{753064DB-A48F-4486-9628-CA6528BC6039}.Debug|Any CPU.Build.0 = Debug|x64
		{753064DB-A48F-4486-9628-CA6528BC6039}.Debug|Any CPU.Deploy.0 = Debug|x64
		{753064DB-A48F-4486-9628-CA6528BC6039}.Release|Any CPU.ActiveCfg = Release|x64
		{753064DB-A48F-4486-9628-CA6528BC6039}.Release|Any CPU.Build.0 = Release|x64
		{753064DB-A48F-4486-9628-CA6528BC6039}.Release|Any CPU.Deploy.0 = Release|x64
	EndGlobalSection
	GlobalSection(SolutionProperties) = preSolution
		HideSolutionNode = FALSE
	EndGlobalSection
EndGlobal
